{
  "name": "pilgrim-site",
  "lockfileVersion": 3,
  "requires": true,
  "packages": {
    "": {
      "name": "pilgrim-site",
      "dependencies": {
        "@krwg/palimpsest": "0.1.0"
      }
    },
    "node_modules/@krwg/palimpsest": {
      "version": "0.1.0",
      "resolved": "https://registry.npmjs.org/@krwg/palimpsest/-/palimpsest-0.1.0.tgz",
      "integrity": "sha512-gGpR+zFAALB7cDs/254z8uf4/r6tmvcwLSKF6tFvwGgzA+B9ohyZOX03qJJRgXucvp++CcM4nfNIA8zLMn1Jfg==",
      "license": "MIT",
      "engines": {
        "node": ">=18"
      }
    }
  }
}
